
Microsoft Visual Studio Solution File, Format Version 12.00
# Visual Studio Version 17
VisualStudioVersion = 17.0.32014.148
MinimumVisualStudioVersion = 10.0.40219.1
Project("{9A19103F-16F7-4668-BE54-9A1E7A4F7556}") = "whoisit_unsafe", "whoisit_unsafe.csproj", "{8DF5E22B-76F2-4D7B-8DB2-29B0B915126D}"
EndProject
Global
	GlobalSection(SolutionConfigurationPlatforms) = preSolution
		Debug|Any CPU = Debug|Any CPU
		Release|Any CPU = Release|Any CPU
	EndGlobalSection
	GlobalSection(ProjectConfigurationPlatforms) = postSolution
		{8DF5E22B-76F2-4D7B-8DB2-29B0B915126D}.Debug|Any CPU.ActiveCfg = Debug|Any CPU
		{8DF5E22B-76F2-4D7B-8DB2-29B0B915126D}.Debug|Any CPU.Build.0 = Debug|Any CPU
		{8DF5E22B-76F2-4D7B-8DB2-29B0B915126D}.Release|Any CPU.ActiveCfg = Release|Any CPU
		{8DF5E22B-76F2-4D7B-8DB2-29B0B915126D}.Release|Any CPU.Build.0 = Release|Any CPU
	EndGlobalSection
	GlobalSection(SolutionProperties) = preSolution
		HideSolutionNode = FALSE
	EndGlobalSection
	GlobalSection(ExtensibilityGlobals) = postSolution
		SolutionGuid = {652B0D54-8B07-4678-9A06-84579C216AF8}
	EndGlobalSection
EndGlobal
